// !$*UTF8*$!
{
	archiveVersion = 1;
	classes = {
	};
	objectVersion = 50;
	objects = {

/* Begin PBXBuildFile section */
		0413286B26DF86DC000A4F4E /* BoundingBox.swift in Sources */ = {isa = PBXBuildFile; fileRef = 0413286A26DF86DC000A4F4E /* BoundingBox.swift */; };
		0452EC9926DFA0CD0015BFB1 /* voxApp.swift in Sources */ = {isa = PBXBuildFile; fileRef = 0452EC9826DFA0CD0015BFB1 /* voxApp.swift */; };
		0452EC9B26DFA0CD0015BFB1 /* ContentView.swift in Sources */ = {isa = PBXBuildFile; fileRef = 0452EC9A26DFA0CD0015BFB1 /* ContentView.swift */; };
		0452EC9D26DFA0CD0015BFB1 /* Assets.xcassets in Resources */ = {isa = PBXBuildFile; fileRef = 0452EC9C26DFA0CD0015BFB1 /* Assets.xcassets */; };
		0452ECA026DFA0CD0015BFB1 /* Preview Assets.xcassets in Resources */ = {isa = PBXBuildFile; fileRef = 0452EC9F26DFA0CD0015BFB1 /* Preview Assets.xcassets */; };
		0452ECAB26DFA0CD0015BFB1 /* vox_tracingTests.swift in Sources */ = {isa = PBXBuildFile; fileRef = 0452ECAA26DFA0CD0015BFB1 /* vox_tracingTests.swift */; };
		0452ECB626DFA0CD0015BFB1 /* vox_tracingUITests.swift in Sources */ = {isa = PBXBuildFile; fileRef = 0452ECB526DFA0CD0015BFB1 /* vox_tracingUITests.swift */; };
		0452ECC326DFA4590015BFB1 /* EngineView.swift in Sources */ = {isa = PBXBuildFile; fileRef = 0452ECC226DFA4590015BFB1 /* EngineView.swift */; };
		0452ECC526DFA4920015BFB1 /* Engine.swift in Sources */ = {isa = PBXBuildFile; fileRef = 0452ECC426DFA4920015BFB1 /* Engine.swift */; };
		0452ECD226DFA5360015BFB1 /* VertexDescriptor.swift in Sources */ = {isa = PBXBuildFile; fileRef = 0452ECC626DFA5360015BFB1 /* VertexDescriptor.swift */; };
		0452ECD326DFA5360015BFB1 /* Node.swift in Sources */ = {isa = PBXBuildFile; fileRef = 0452ECC726DFA5360015BFB1 /* Node.swift */; };
		0452ECD426DFA5360015BFB1 /* Lighting.swift in Sources */ = {isa = PBXBuildFile; fileRef = 0452ECC826DFA5360015BFB1 /* Lighting.swift */; };
		0452ECD526DFA5360015BFB1 /* Primitive.swift in Sources */ = {isa = PBXBuildFile; fileRef = 0452ECC926DFA5360015BFB1 /* Primitive.swift */; };
		0452ECD626DFA5360015BFB1 /* PBR.metal in Sources */ = {isa = PBXBuildFile; fileRef = 0452ECCA26DFA5360015BFB1 /* PBR.metal */; };
		0452ECD726DFA5360015BFB1 /* Shaders.metal in Sources */ = {isa = PBXBuildFile; fileRef = 0452ECCC26DFA5360015BFB1 /* Shaders.metal */; };
		0452ECD826DFA5360015BFB1 /* Model.swift in Sources */ = {isa = PBXBuildFile; fileRef = 0452ECCD26DFA5360015BFB1 /* Model.swift */; };
		0452ECD926DFA5360015BFB1 /* Texturable.swift in Sources */ = {isa = PBXBuildFile; fileRef = 0452ECCE26DFA5360015BFB1 /* Texturable.swift */; };
		0452ECDA26DFA5360015BFB1 /* Camera.swift in Sources */ = {isa = PBXBuildFile; fileRef = 0452ECCF26DFA5360015BFB1 /* Camera.swift */; };
		0452ECDB26DFA5360015BFB1 /* Mesh.swift in Sources */ = {isa = PBXBuildFile; fileRef = 0452ECD026DFA5360015BFB1 /* Mesh.swift */; };
		0452ECDC26DFA5360015BFB1 /* Submesh.swift in Sources */ = {isa = PBXBuildFile; fileRef = 0452ECD126DFA5360015BFB1 /* Submesh.swift */; };
		0452ECDE26DFA5C50015BFB1 /* MathLibrary.swift in Sources */ = {isa = PBXBuildFile; fileRef = 0452ECDD26DFA5C50015BFB1 /* MathLibrary.swift */; };
		0452ECE626DFA6A10015BFB1 /* cube.obj in Resources */ = {isa = PBXBuildFile; fileRef = 0452ECE026DFA6A10015BFB1 /* cube.obj */; };
		0452ECE726DFA6A10015BFB1 /* cube.mtl in Resources */ = {isa = PBXBuildFile; fileRef = 0452ECE126DFA6A10015BFB1 /* cube.mtl */; };
		0452ECE826DFA6A10015BFB1 /* cottage1.obj in Resources */ = {isa = PBXBuildFile; fileRef = 0452ECE226DFA6A10015BFB1 /* cottage1.obj */; };
		0452ECE926DFA6A10015BFB1 /* cottage1.mtl in Resources */ = {isa = PBXBuildFile; fileRef = 0452ECE326DFA6A10015BFB1 /* cottage1.mtl */; };
		0452ECEA26DFA6A10015BFB1 /* cottage2.mtl in Resources */ = {isa = PBXBuildFile; fileRef = 0452ECE426DFA6A10015BFB1 /* cottage2.mtl */; };
		0452ECEB26DFA6A10015BFB1 /* cottage2.obj in Resources */ = {isa = PBXBuildFile; fileRef = 0452ECE526DFA6A10015BFB1 /* cottage2.obj */; };
		0452ECED26DFA7870015BFB1 /* ControllerView.swift in Sources */ = {isa = PBXBuildFile; fileRef = 0452ECEC26DFA7870015BFB1 /* ControllerView.swift */; };
		0452ECEF26DFA7B90015BFB1 /* InputController.swift in Sources */ = {isa = PBXBuildFile; fileRef = 0452ECEE26DFA7B90015BFB1 /* InputController.swift */; };
		0452ECF126DFA7C90015BFB1 /* MotionController.swift in Sources */ = {isa = PBXBuildFile; fileRef = 0452ECF026DFA7C90015BFB1 /* MotionController.swift */; };
		0452ECF326DFA8BD0015BFB1 /* Textures.xcassets in Resources */ = {isa = PBXBuildFile; fileRef = 0452ECF226DFA8BD0015BFB1 /* Textures.xcassets */; };
		0452ECF626DFAEAB0015BFB1 /* RayRenderer.swift in Sources */ = {isa = PBXBuildFile; fileRef = 0452ECF426DFAEA30015BFB1 /* RayRenderer.swift */; };
		0452ECF826DFAECE0015BFB1 /* RayRendererExtension.swift in Sources */ = {isa = PBXBuildFile; fileRef = 0452ECF726DFAECE0015BFB1 /* RayRendererExtension.swift */; };
		0452ECFA26DFAEE70015BFB1 /* Raytracing.metal in Sources */ = {isa = PBXBuildFile; fileRef = 0452ECF926DFAEE70015BFB1 /* Raytracing.metal */; };
		0452ECFC26DFAEFC0015BFB1 /* ShowUp.metal in Sources */ = {isa = PBXBuildFile; fileRef = 0452ECFB26DFAEFC0015BFB1 /* ShowUp.metal */; };
		0452ED0226DFB0650015BFB1 /* train.mtl in Resources */ = {isa = PBXBuildFile; fileRef = 0452ED0026DFB0650015BFB1 /* train.mtl */; };
		0452ED0326DFB0650015BFB1 /* train.obj in Resources */ = {isa = PBXBuildFile; fileRef = 0452ED0126DFB0650015BFB1 /* train.obj */; };
		0452ED0726DFB0740015BFB1 /* treefir.obj in Resources */ = {isa = PBXBuildFile; fileRef = 0452ED0526DFB0740015BFB1 /* treefir.obj */; };
		0452ED0826DFB0740015BFB1 /* treefir.mtl in Resources */ = {isa = PBXBuildFile; fileRef = 0452ED0626DFB0740015BFB1 /* treefir.mtl */; };
		0452ED0E26DFB08C0015BFB1 /* plane-back.obj in Resources */ = {isa = PBXBuildFile; fileRef = 0452ED0A26DFB08C0015BFB1 /* plane-back.obj */; };
		0452ED0F26DFB08C0015BFB1 /* plane-back.mtl in Resources */ = {isa = PBXBuildFile; fileRef = 0452ED0B26DFB08C0015BFB1 /* plane-back.mtl */; };
		0452ED1026DFB08C0015BFB1 /* plane.mtl in Resources */ = {isa = PBXBuildFile; fileRef = 0452ED0C26DFB08C0015BFB1 /* plane.mtl */; };
		0452ED1126DFB08C0015BFB1 /* plane.obj in Resources */ = {isa = PBXBuildFile; fileRef = 0452ED0D26DFB08C0015BFB1 /* plane.obj */; };
		0452ED1526DFB0A00015BFB1 /* sphere.obj in Resources */ = {isa = PBXBuildFile; fileRef = 0452ED1326DFB0A00015BFB1 /* sphere.obj */; };
		0452ED1626DFB0A00015BFB1 /* sphere.mtl in Resources */ = {isa = PBXBuildFile; fileRef = 0452ED1426DFB0A00015BFB1 /* sphere.mtl */; };
		0452ED1A26DFB0F80015BFB1 /* InputController.swift in Sources */ = {isa = PBXBuildFile; fileRef = 0452ED1726DFB0F80015BFB1 /* InputController.swift */; };
		0452ED1B26DFB0F80015BFB1 /* ControllerView.swift in Sources */ = {isa = PBXBuildFile; fileRef = 0452ED1826DFB0F80015BFB1 /* ControllerView.swift */; };
		0452ED1C26DFB0F80015BFB1 /* MotionController.swift in Sources */ = {isa = PBXBuildFile; fileRef = 0452ED1926DFB0F80015BFB1 /* MotionController.swift */; };
		0497A1E526DF150500F61DE9 /* voxApp.swift in Sources */ = {isa = PBXBuildFile; fileRef = 0497A1E426DF150500F61DE9 /* voxApp.swift */; };
		0497A1E726DF150500F61DE9 /* ContentView.swift in Sources */ = {isa = PBXBuildFile; fileRef = 0497A1E626DF150500F61DE9 /* ContentView.swift */; };
		0497A1E926DF150800F61DE9 /* Assets.xcassets in Resources */ = {isa = PBXBuildFile; fileRef = 0497A1E826DF150800F61DE9 /* Assets.xcassets */; };
		0497A1EC26DF150800F61DE9 /* Preview Assets.xcassets in Resources */ = {isa = PBXBuildFile; fileRef = 0497A1EB26DF150800F61DE9 /* Preview Assets.xcassets */; };
		0497A1F726DF150800F61DE9 /* DigitalVox2Tests.swift in Sources */ = {isa = PBXBuildFile; fileRef = 0497A1F626DF150800F61DE9 /* DigitalVox2Tests.swift */; };
		0497A20226DF150800F61DE9 /* DigitalVox2UITests.swift in Sources */ = {isa = PBXBuildFile; fileRef = 0497A20126DF150800F61DE9 /* DigitalVox2UITests.swift */; };
		04DB2A4226DF1E0500C15850 /* IClone.swift in Sources */ = {isa = PBXBuildFile; fileRef = 04DB2A4126DF1E0500C15850 /* IClone.swift */; };
		04EFDE7626DF1F96005FBB6F /* Vector2.swift in Sources */ = {isa = PBXBuildFile; fileRef = 04EFDE7526DF1F96005FBB6F /* Vector2.swift */; };
		04EFDE7826DF281E005FBB6F /* Vector2.test.swift in Sources */ = {isa = PBXBuildFile; fileRef = 04EFDE7726DF281D005FBB6F /* Vector2.test.swift */; };
		04EFDE7A26DF3072005FBB6F /* Vector3.swift in Sources */ = {isa = PBXBuildFile; fileRef = 04EFDE7926DF3072005FBB6F /* Vector3.swift */; };
		04EFDE7C26DF3495005FBB6F /* Matrix.swift in Sources */ = {isa = PBXBuildFile; fileRef = 04EFDE7B26DF3495005FBB6F /* Matrix.swift */; };
		04EFDE7E26DF49FD005FBB6F /* Matrix3x3.swift in Sources */ = {isa = PBXBuildFile; fileRef = 04EFDE7D26DF49FD005FBB6F /* Matrix3x3.swift */; };
		04EFDE8026DF4C85005FBB6F /* Quaternion.swift in Sources */ = {isa = PBXBuildFile; fileRef = 04EFDE7F26DF4C85005FBB6F /* Quaternion.swift */; };
		04EFDE8226DF4DC3005FBB6F /* Vector4.swift in Sources */ = {isa = PBXBuildFile; fileRef = 04EFDE8126DF4DC3005FBB6F /* Vector4.swift */; };
/* End PBXBuildFile section */

/* Begin PBXContainerItemProxy section */
		0452ECA726DFA0CD0015BFB1 /* PBXContainerItemProxy */ = {
			isa = PBXContainerItemProxy;
			containerPortal = 0497A1D926DF150500F61DE9 /* Project object */;
			proxyType = 1;
			remoteGlobalIDString = 0452EC9526DFA0CD0015BFB1;
			remoteInfo = vox.tracing;
		};
		0452ECB226DFA0CD0015BFB1 /* PBXContainerItemProxy */ = {
			isa = PBXContainerItemProxy;
			containerPortal = 0497A1D926DF150500F61DE9 /* Project object */;
			proxyType = 1;
			remoteGlobalIDString = 0452EC9526DFA0CD0015BFB1;
			remoteInfo = vox.tracing;
		};
		0497A1F326DF150800F61DE9 /* PBXContainerItemProxy */ = {
			isa = PBXContainerItemProxy;
			containerPortal = 0497A1D926DF150500F61DE9 /* Project object */;
			proxyType = 1;
			remoteGlobalIDString = 0497A1E026DF150500F61DE9;
			remoteInfo = DigitalVox2;
		};
		0497A1FE26DF150800F61DE9 /* PBXContainerItemProxy */ = {
			isa = PBXContainerItemProxy;
			containerPortal = 0497A1D926DF150500F61DE9 /* Project object */;
			proxyType = 1;
			remoteGlobalIDString = 0497A1E026DF150500F61DE9;
			remoteInfo = DigitalVox2;
		};
/* End PBXContainerItemProxy section */

/* Begin PBXFileReference section */
		0413286A26DF86DC000A4F4E /* BoundingBox.swift */ = {isa = PBXFileReference; lastKnownFileType = sourcecode.swift; path = BoundingBox.swift; sourceTree = "<group>"; };
		0452EC9626DFA0CD0015BFB1 /* vox.tracing.app */ = {isa = PBXFileReference; explicitFileType = wrapper.application; includeInIndex = 0; path = vox.tracing.app; sourceTree = BUILT_PRODUCTS_DIR; };
		0452EC9826DFA0CD0015BFB1 /* voxApp.swift */ = {isa = PBXFileReference; lastKnownFileType = sourcecode.swift; path = voxApp.swift; sourceTree = "<group>"; };
		0452EC9A26DFA0CD0015BFB1 /* ContentView.swift */ = {isa = PBXFileReference; lastKnownFileType = sourcecode.swift; path = ContentView.swift; sourceTree = "<group>"; };
		0452EC9C26DFA0CD0015BFB1 /* Assets.xcassets */ = {isa = PBXFileReference; lastKnownFileType = folder.assetcatalog; path = Assets.xcassets; sourceTree = "<group>"; };
		0452EC9F26DFA0CD0015BFB1 /* Preview Assets.xcassets */ = {isa = PBXFileReference; lastKnownFileType = folder.assetcatalog; path = "Preview Assets.xcassets"; sourceTree = "<group>"; };
		0452ECA126DFA0CD0015BFB1 /* Info.plist */ = {isa = PBXFileReference; lastKnownFileType = text.plist.xml; path = Info.plist; sourceTree = "<group>"; };
		0452ECA626DFA0CD0015BFB1 /* vox.tracingTests.xctest */ = {isa = PBXFileReference; explicitFileType = wrapper.cfbundle; includeInIndex = 0; path = vox.tracingTests.xctest; sourceTree = BUILT_PRODUCTS_DIR; };
		0452ECAA26DFA0CD0015BFB1 /* vox_tracingTests.swift */ = {isa = PBXFileReference; lastKnownFileType = sourcecode.swift; path = vox_tracingTests.swift; sourceTree = "<group>"; };
		0452ECAC26DFA0CD0015BFB1 /* Info.plist */ = {isa = PBXFileReference; lastKnownFileType = text.plist.xml; path = Info.plist; sourceTree = "<group>"; };
		0452ECB126DFA0CD0015BFB1 /* vox.tracingUITests.xctest */ = {isa = PBXFileReference; explicitFileType = wrapper.cfbundle; includeInIndex = 0; path = vox.tracingUITests.xctest; sourceTree = BUILT_PRODUCTS_DIR; };
		0452ECB526DFA0CD0015BFB1 /* vox_tracingUITests.swift */ = {isa = PBXFileReference; lastKnownFileType = sourcecode.swift; path = vox_tracingUITests.swift; sourceTree = "<group>"; };
		0452ECB726DFA0CD0015BFB1 /* Info.plist */ = {isa = PBXFileReference; lastKnownFileType = text.plist.xml; path = Info.plist; sourceTree = "<group>"; };
		0452ECC126DFA0DE0015BFB1 /* vox.tracing.entitlements */ = {isa = PBXFileReference; lastKnownFileType = text.plist.entitlements; path = vox.tracing.entitlements; sourceTree = "<group>"; };
		0452ECC226DFA4590015BFB1 /* EngineView.swift */ = {isa = PBXFileReference; lastKnownFileType = sourcecode.swift; path = EngineView.swift; sourceTree = "<group>"; };
		0452ECC426DFA4920015BFB1 /* Engine.swift */ = {isa = PBXFileReference; lastKnownFileType = sourcecode.swift; path = Engine.swift; sourceTree = "<group>"; };
		0452ECC626DFA5360015BFB1 /* VertexDescriptor.swift */ = {isa = PBXFileReference; fileEncoding = 4; lastKnownFileType = sourcecode.swift; path = VertexDescriptor.swift; sourceTree = "<group>"; };
		0452ECC726DFA5360015BFB1 /* Node.swift */ = {isa = PBXFileReference; fileEncoding = 4; lastKnownFileType = sourcecode.swift; path = Node.swift; sourceTree = "<group>"; };
		0452ECC826DFA5360015BFB1 /* Lighting.swift */ = {isa = PBXFileReference; fileEncoding = 4; lastKnownFileType = sourcecode.swift; path = Lighting.swift; sourceTree = "<group>"; };
		0452ECC926DFA5360015BFB1 /* Primitive.swift */ = {isa = PBXFileReference; fileEncoding = 4; lastKnownFileType = sourcecode.swift; path = Primitive.swift; sourceTree = "<group>"; };
		0452ECCA26DFA5360015BFB1 /* PBR.metal */ = {isa = PBXFileReference; fileEncoding = 4; lastKnownFileType = sourcecode.metal; path = PBR.metal; sourceTree = "<group>"; };
		0452ECCB26DFA5360015BFB1 /* Common.h */ = {isa = PBXFileReference; fileEncoding = 4; lastKnownFileType = sourcecode.c.h; path = Common.h; sourceTree = "<group>"; };
		0452ECCC26DFA5360015BFB1 /* Shaders.metal */ = {isa = PBXFileReference; fileEncoding = 4; lastKnownFileType = sourcecode.metal; path = Shaders.metal; sourceTree = "<group>"; };
		0452ECCD26DFA5360015BFB1 /* Model.swift */ = {isa = PBXFileReference; fileEncoding = 4; lastKnownFileType = sourcecode.swift; path = Model.swift; sourceTree = "<group>"; };
		0452ECCE26DFA5360015BFB1 /* Texturable.swift */ = {isa = PBXFileReference; fileEncoding = 4; lastKnownFileType = sourcecode.swift; path = Texturable.swift; sourceTree = "<group>"; };
		0452ECCF26DFA5360015BFB1 /* Camera.swift */ = {isa = PBXFileReference; fileEncoding = 4; lastKnownFileType = sourcecode.swift; path = Camera.swift; sourceTree = "<group>"; };
		0452ECD026DFA5360015BFB1 /* Mesh.swift */ = {isa = PBXFileReference; fileEncoding = 4; lastKnownFileType = sourcecode.swift; path = Mesh.swift; sourceTree = "<group>"; };
		0452ECD126DFA5360015BFB1 /* Submesh.swift */ = {isa = PBXFileReference; fileEncoding = 4; lastKnownFileType = sourcecode.swift; path = Submesh.swift; sourceTree = "<group>"; };
		0452ECDD26DFA5C50015BFB1 /* MathLibrary.swift */ = {isa = PBXFileReference; fileEncoding = 4; lastKnownFileType = sourcecode.swift; path = MathLibrary.swift; sourceTree = "<group>"; };
		0452ECE026DFA6A10015BFB1 /* cube.obj */ = {isa = PBXFileReference; fileEncoding = 4; lastKnownFileType = text; path = cube.obj; sourceTree = "<group>"; };
		0452ECE126DFA6A10015BFB1 /* cube.mtl */ = {isa = PBXFileReference; fileEncoding = 4; lastKnownFileType = text; path = cube.mtl; sourceTree = "<group>"; };
		0452ECE226DFA6A10015BFB1 /* cottage1.obj */ = {isa = PBXFileReference; fileEncoding = 4; lastKnownFileType = text; path = cottage1.obj; sourceTree = "<group>"; };
		0452ECE326DFA6A10015BFB1 /* cottage1.mtl */ = {isa = PBXFileReference; fileEncoding = 4; lastKnownFileType = text; path = cottage1.mtl; sourceTree = "<group>"; };
		0452ECE426DFA6A10015BFB1 /* cottage2.mtl */ = {isa = PBXFileReference; fileEncoding = 4; lastKnownFileType = text; path = cottage2.mtl; sourceTree = "<group>"; };
		0452ECE526DFA6A10015BFB1 /* cottage2.obj */ = {isa = PBXFileReference; fileEncoding = 4; lastKnownFileType = text; path = cottage2.obj; sourceTree = "<group>"; };
		0452ECEC26DFA7870015BFB1 /* ControllerView.swift */ = {isa = PBXFileReference; lastKnownFileType = sourcecode.swift; path = ControllerView.swift; sourceTree = "<group>"; };
		0452ECEE26DFA7B90015BFB1 /* InputController.swift */ = {isa = PBXFileReference; lastKnownFileType = sourcecode.swift; path = InputController.swift; sourceTree = "<group>"; };
		0452ECF026DFA7C90015BFB1 /* MotionController.swift */ = {isa = PBXFileReference; lastKnownFileType = sourcecode.swift; path = MotionController.swift; sourceTree = "<group>"; };
		0452ECF226DFA8BD0015BFB1 /* Textures.xcassets */ = {isa = PBXFileReference; lastKnownFileType = folder.assetcatalog; path = Textures.xcassets; sourceTree = "<group>"; };
		0452ECF426DFAEA30015BFB1 /* RayRenderer.swift */ = {isa = PBXFileReference; lastKnownFileType = sourcecode.swift; path = RayRenderer.swift; sourceTree = "<group>"; };
		0452ECF726DFAECE0015BFB1 /* RayRendererExtension.swift */ = {isa = PBXFileReference; lastKnownFileType = sourcecode.swift; path = RayRendererExtension.swift; sourceTree = "<group>"; };
		0452ECF926DFAEE70015BFB1 /* Raytracing.metal */ = {isa = PBXFileReference; lastKnownFileType = sourcecode.metal; path = Raytracing.metal; sourceTree = "<group>"; };
		0452ECFB26DFAEFC0015BFB1 /* ShowUp.metal */ = {isa = PBXFileReference; lastKnownFileType = sourcecode.metal; path = ShowUp.metal; sourceTree = "<group>"; };
		0452ECFD26DFAF150015BFB1 /* Common.h */ = {isa = PBXFileReference; lastKnownFileType = sourcecode.c.h; path = Common.h; sourceTree = "<group>"; };
		0452ED0026DFB0650015BFB1 /* train.mtl */ = {isa = PBXFileReference; fileEncoding = 4; lastKnownFileType = text; name = train.mtl; path = Train/train.mtl; sourceTree = "<group>"; };
		0452ED0126DFB0650015BFB1 /* train.obj */ = {isa = PBXFileReference; fileEncoding = 4; lastKnownFileType = text; name = train.obj; path = Train/train.obj; sourceTree = "<group>"; };
		0452ED0526DFB0740015BFB1 /* treefir.obj */ = {isa = PBXFileReference; fileEncoding = 4; lastKnownFileType = text; name = treefir.obj; path = Treefir/treefir.obj; sourceTree = "<group>"; };
		0452ED0626DFB0740015BFB1 /* treefir.mtl */ = {isa = PBXFileReference; fileEncoding = 4; lastKnownFileType = text; name = treefir.mtl; path = Treefir/treefir.mtl; sourceTree = "<group>"; };
		0452ED0A26DFB08C0015BFB1 /* plane-back.obj */ = {isa = PBXFileReference; fileEncoding = 4; lastKnownFileType = text; name = "plane-back.obj"; path = "Plane/plane-back.obj"; sourceTree = "<group>"; };
		0452ED0B26DFB08C0015BFB1 /* plane-back.mtl */ = {isa = PBXFileReference; fileEncoding = 4; lastKnownFileType = text; name = "plane-back.mtl"; path = "Plane/plane-back.mtl"; sourceTree = "<group>"; };
		0452ED0C26DFB08C0015BFB1 /* plane.mtl */ = {isa = PBXFileReference; fileEncoding = 4; lastKnownFileType = text; name = plane.mtl; path = Plane/plane.mtl; sourceTree = "<group>"; };
		0452ED0D26DFB08C0015BFB1 /* plane.obj */ = {isa = PBXFileReference; fileEncoding = 4; lastKnownFileType = text; name = plane.obj; path = Plane/plane.obj; sourceTree = "<group>"; };
		0452ED1326DFB0A00015BFB1 /* sphere.obj */ = {isa = PBXFileReference; fileEncoding = 4; lastKnownFileType = text; name = sphere.obj; path = Sphere/sphere.obj; sourceTree = "<group>"; };
		0452ED1426DFB0A00015BFB1 /* sphere.mtl */ = {isa = PBXFileReference; fileEncoding = 4; lastKnownFileType = text; name = sphere.mtl; path = Sphere/sphere.mtl; sourceTree = "<group>"; };
		0452ED1726DFB0F80015BFB1 /* InputController.swift */ = {isa = PBXFileReference; fileEncoding = 4; lastKnownFileType = sourcecode.swift; path = InputController.swift; sourceTree = "<group>"; };
		0452ED1826DFB0F80015BFB1 /* ControllerView.swift */ = {isa = PBXFileReference; fileEncoding = 4; lastKnownFileType = sourcecode.swift; path = ControllerView.swift; sourceTree = "<group>"; };
		0452ED1926DFB0F80015BFB1 /* MotionController.swift */ = {isa = PBXFileReference; fileEncoding = 4; lastKnownFileType = sourcecode.swift; path = MotionController.swift; sourceTree = "<group>"; };
		0497A1E126DF150500F61DE9 /* vox.render.app */ = {isa = PBXFileReference; explicitFileType = wrapper.application; includeInIndex = 0; path = vox.render.app; sourceTree = BUILT_PRODUCTS_DIR; };
		0497A1E426DF150500F61DE9 /* voxApp.swift */ = {isa = PBXFileReference; lastKnownFileType = sourcecode.swift; path = voxApp.swift; sourceTree = "<group>"; };
		0497A1E626DF150500F61DE9 /* ContentView.swift */ = {isa = PBXFileReference; lastKnownFileType = sourcecode.swift; path = ContentView.swift; sourceTree = "<group>"; };
		0497A1E826DF150800F61DE9 /* Assets.xcassets */ = {isa = PBXFileReference; lastKnownFileType = folder.assetcatalog; path = Assets.xcassets; sourceTree = "<group>"; };
		0497A1EB26DF150800F61DE9 /* Preview Assets.xcassets */ = {isa = PBXFileReference; lastKnownFileType = folder.assetcatalog; path = "Preview Assets.xcassets"; sourceTree = "<group>"; };
		0497A1ED26DF150800F61DE9 /* Info.plist */ = {isa = PBXFileReference; lastKnownFileType = text.plist.xml; path = Info.plist; sourceTree = "<group>"; };
		0497A1F226DF150800F61DE9 /* vox.renderTests.xctest */ = {isa = PBXFileReference; explicitFileType = wrapper.cfbundle; includeInIndex = 0; path = vox.renderTests.xctest; sourceTree = BUILT_PRODUCTS_DIR; };
		0497A1F626DF150800F61DE9 /* DigitalVox2Tests.swift */ = {isa = PBXFileReference; lastKnownFileType = sourcecode.swift; path = DigitalVox2Tests.swift; sourceTree = "<group>"; };
		0497A1F826DF150800F61DE9 /* Info.plist */ = {isa = PBXFileReference; lastKnownFileType = text.plist.xml; path = Info.plist; sourceTree = "<group>"; };
		0497A1FD26DF150800F61DE9 /* vox.renderUITests.xctest */ = {isa = PBXFileReference; explicitFileType = wrapper.cfbundle; includeInIndex = 0; path = vox.renderUITests.xctest; sourceTree = BUILT_PRODUCTS_DIR; };
		0497A20126DF150800F61DE9 /* DigitalVox2UITests.swift */ = {isa = PBXFileReference; lastKnownFileType = sourcecode.swift; path = DigitalVox2UITests.swift; sourceTree = "<group>"; };
		0497A20326DF150800F61DE9 /* Info.plist */ = {isa = PBXFileReference; lastKnownFileType = text.plist.xml; path = Info.plist; sourceTree = "<group>"; };
		0497A20F26DF151700F61DE9 /* DigitalVox2.entitlements */ = {isa = PBXFileReference; lastKnownFileType = text.plist.entitlements; path = DigitalVox2.entitlements; sourceTree = "<group>"; };
		04DB2A4126DF1E0500C15850 /* IClone.swift */ = {isa = PBXFileReference; lastKnownFileType = sourcecode.swift; path = IClone.swift; sourceTree = "<group>"; };
		04EFDE7526DF1F96005FBB6F /* Vector2.swift */ = {isa = PBXFileReference; lastKnownFileType = sourcecode.swift; path = Vector2.swift; sourceTree = "<group>"; };
		04EFDE7726DF281D005FBB6F /* Vector2.test.swift */ = {isa = PBXFileReference; lastKnownFileType = sourcecode.swift; path = Vector2.test.swift; sourceTree = "<group>"; };
		04EFDE7926DF3072005FBB6F /* Vector3.swift */ = {isa = PBXFileReference; lastKnownFileType = sourcecode.swift; path = Vector3.swift; sourceTree = "<group>"; };
		04EFDE7B26DF3495005FBB6F /* Matrix.swift */ = {isa = PBXFileReference; lastKnownFileType = sourcecode.swift; path = Matrix.swift; sourceTree = "<group>"; };
		04EFDE7D26DF49FD005FBB6F /* Matrix3x3.swift */ = {isa = PBXFileReference; lastKnownFileType = sourcecode.swift; path = Matrix3x3.swift; sourceTree = "<group>"; };
		04EFDE7F26DF4C85005FBB6F /* Quaternion.swift */ = {isa = PBXFileReference; lastKnownFileType = sourcecode.swift; path = Quaternion.swift; sourceTree = "<group>"; };
		04EFDE8126DF4DC3005FBB6F /* Vector4.swift */ = {isa = PBXFileReference; lastKnownFileType = sourcecode.swift; path = Vector4.swift; sourceTree = "<group>"; };
/* End PBXFileReference section */

/* Begin PBXFrameworksBuildPhase section */
		0452EC9326DFA0CD0015BFB1 /* Frameworks */ = {
			isa = PBXFrameworksBuildPhase;
			buildActionMask = 2147483647;
			files = (
			);
			runOnlyForDeploymentPostprocessing = 0;
		};
		0452ECA326DFA0CD0015BFB1 /* Frameworks */ = {
			isa = PBXFrameworksBuildPhase;
			buildActionMask = 2147483647;
			files = (
			);
			runOnlyForDeploymentPostprocessing = 0;
		};
		0452ECAE26DFA0CD0015BFB1 /* Frameworks */ = {
			isa = PBXFrameworksBuildPhase;
			buildActionMask = 2147483647;
			files = (
			);
			runOnlyForDeploymentPostprocessing = 0;
		};
		0497A1DE26DF150500F61DE9 /* Frameworks */ = {
			isa = PBXFrameworksBuildPhase;
			buildActionMask = 2147483647;
			files = (
			);
			runOnlyForDeploymentPostprocessing = 0;
		};
		0497A1EF26DF150800F61DE9 /* Frameworks */ = {
			isa = PBXFrameworksBuildPhase;
			buildActionMask = 2147483647;
			files = (
			);
			runOnlyForDeploymentPostprocessing = 0;
		};
		0497A1FA26DF150800F61DE9 /* Frameworks */ = {
			isa = PBXFrameworksBuildPhase;
			buildActionMask = 2147483647;
			files = (
			);
			runOnlyForDeploymentPostprocessing = 0;
		};
/* End PBXFrameworksBuildPhase section */

/* Begin PBXGroup section */
		0452EC9726DFA0CD0015BFB1 /* vox.tracing */ = {
			isa = PBXGroup;
			children = (
				0452EC9826DFA0CD0015BFB1 /* voxApp.swift */,
				0452EC9A26DFA0CD0015BFB1 /* ContentView.swift */,
				0452ECF426DFAEA30015BFB1 /* RayRenderer.swift */,
				0452ECF726DFAECE0015BFB1 /* RayRendererExtension.swift */,
				0452ED1826DFB0F80015BFB1 /* ControllerView.swift */,
				0452ED1726DFB0F80015BFB1 /* InputController.swift */,
				0452ED1926DFB0F80015BFB1 /* MotionController.swift */,
				0452ECF926DFAEE70015BFB1 /* Raytracing.metal */,
				0452ECFB26DFAEFC0015BFB1 /* ShowUp.metal */,
				0452ECFD26DFAF150015BFB1 /* Common.h */,
				0452ECFE26DFAFD90015BFB1 /* models */,
				0452EC9C26DFA0CD0015BFB1 /* Assets.xcassets */,
				0452ECC126DFA0DE0015BFB1 /* vox.tracing.entitlements */,
				0452ECA126DFA0CD0015BFB1 /* Info.plist */,
				0452EC9E26DFA0CD0015BFB1 /* Preview Content */,
			);
			path = vox.tracing;
			sourceTree = "<group>";
		};
		0452EC9E26DFA0CD0015BFB1 /* Preview Content */ = {
			isa = PBXGroup;
			children = (
				0452EC9F26DFA0CD0015BFB1 /* Preview Assets.xcassets */,
			);
			path = "Preview Content";
			sourceTree = "<group>";
		};
		0452ECA926DFA0CD0015BFB1 /* vox.tracingTests */ = {
			isa = PBXGroup;
			children = (
				0452ECAA26DFA0CD0015BFB1 /* vox_tracingTests.swift */,
				0452ECAC26DFA0CD0015BFB1 /* Info.plist */,
			);
			path = vox.tracingTests;
			sourceTree = "<group>";
		};
		0452ECB426DFA0CD0015BFB1 /* vox.tracingUITests */ = {
			isa = PBXGroup;
			children = (
				0452ECB526DFA0CD0015BFB1 /* vox_tracingUITests.swift */,
				0452ECB726DFA0CD0015BFB1 /* Info.plist */,
			);
			path = vox.tracingUITests;
			sourceTree = "<group>";
		};
		0452ECDF26DFA66E0015BFB1 /* models */ = {
			isa = PBXGroup;
			children = (
				0452ECE326DFA6A10015BFB1 /* cottage1.mtl */,
				0452ECE226DFA6A10015BFB1 /* cottage1.obj */,
				0452ECE426DFA6A10015BFB1 /* cottage2.mtl */,
				0452ECE526DFA6A10015BFB1 /* cottage2.obj */,
				0452ECE126DFA6A10015BFB1 /* cube.mtl */,
				0452ECE026DFA6A10015BFB1 /* cube.obj */,
			);
			path = models;
			sourceTree = "<group>";
		};
		0452ECFE26DFAFD90015BFB1 /* models */ = {
			isa = PBXGroup;
			children = (
				0452ED1226DFB0930015BFB1 /* sphere */,
				0452ED0926DFB07A0015BFB1 /* plane */,
				0452ED0426DFB0690015BFB1 /* tree */,
				0452ECFF26DFB05A0015BFB1 /* train */,
			);
			path = models;
			sourceTree = "<group>";
		};
		0452ECFF26DFB05A0015BFB1 /* train */ = {
			isa = PBXGroup;
			children = (
				0452ED0026DFB0650015BFB1 /* train.mtl */,
				0452ED0126DFB0650015BFB1 /* train.obj */,
			);
			name = train;
			sourceTree = "<group>";
		};
		0452ED0426DFB0690015BFB1 /* tree */ = {
			isa = PBXGroup;
			children = (
				0452ED0626DFB0740015BFB1 /* treefir.mtl */,
				0452ED0526DFB0740015BFB1 /* treefir.obj */,
			);
			name = tree;
			sourceTree = "<group>";
		};
		0452ED0926DFB07A0015BFB1 /* plane */ = {
			isa = PBXGroup;
			children = (
				0452ED0B26DFB08C0015BFB1 /* plane-back.mtl */,
				0452ED0A26DFB08C0015BFB1 /* plane-back.obj */,
				0452ED0C26DFB08C0015BFB1 /* plane.mtl */,
				0452ED0D26DFB08C0015BFB1 /* plane.obj */,
			);
			name = plane;
			sourceTree = "<group>";
		};
		0452ED1226DFB0930015BFB1 /* sphere */ = {
			isa = PBXGroup;
			children = (
				0452ED1426DFB0A00015BFB1 /* sphere.mtl */,
				0452ED1326DFB0A00015BFB1 /* sphere.obj */,
			);
			name = sphere;
			sourceTree = "<group>";
		};
		0497A1D826DF150500F61DE9 = {
			isa = PBXGroup;
			children = (
				0497A1E326DF150500F61DE9 /* vox.render */,
				0497A1F526DF150800F61DE9 /* vox.renderTests */,
				0497A20026DF150800F61DE9 /* vox.renderUITests */,
				0452EC9726DFA0CD0015BFB1 /* vox.tracing */,
				0452ECA926DFA0CD0015BFB1 /* vox.tracingTests */,
				0452ECB426DFA0CD0015BFB1 /* vox.tracingUITests */,
				0497A1E226DF150500F61DE9 /* Products */,
			);
			sourceTree = "<group>";
		};
		0497A1E226DF150500F61DE9 /* Products */ = {
			isa = PBXGroup;
			children = (
				0497A1E126DF150500F61DE9 /* vox.render.app */,
				0497A1F226DF150800F61DE9 /* vox.renderTests.xctest */,
				0497A1FD26DF150800F61DE9 /* vox.renderUITests.xctest */,
				0452EC9626DFA0CD0015BFB1 /* vox.tracing.app */,
				0452ECA626DFA0CD0015BFB1 /* vox.tracingTests.xctest */,
				0452ECB126DFA0CD0015BFB1 /* vox.tracingUITests.xctest */,
			);
			name = Products;
			sourceTree = "<group>";
		};
		0497A1E326DF150500F61DE9 /* vox.render */ = {
			isa = PBXGroup;
			children = (
				0497A1E426DF150500F61DE9 /* voxApp.swift */,
				0497A1E626DF150500F61DE9 /* ContentView.swift */,
				0452ECEC26DFA7870015BFB1 /* ControllerView.swift */,
				0452ECEE26DFA7B90015BFB1 /* InputController.swift */,
				0452ECF026DFA7C90015BFB1 /* MotionController.swift */,
				0452ECC226DFA4590015BFB1 /* EngineView.swift */,
				0452ECC426DFA4920015BFB1 /* Engine.swift */,
				0452ECCC26DFA5360015BFB1 /* Shaders.metal */,
				0452ECC726DFA5360015BFB1 /* Node.swift */,
				0452ECCA26DFA5360015BFB1 /* PBR.metal */,
				0452ECCE26DFA5360015BFB1 /* Texturable.swift */,
				0452ECC926DFA5360015BFB1 /* Primitive.swift */,
				0452ECCB26DFA5360015BFB1 /* Common.h */,
				0452ECCF26DFA5360015BFB1 /* Camera.swift */,
				0452ECCD26DFA5360015BFB1 /* Model.swift */,
				0452ECD026DFA5360015BFB1 /* Mesh.swift */,
				0452ECD126DFA5360015BFB1 /* Submesh.swift */,
				0452ECC626DFA5360015BFB1 /* VertexDescriptor.swift */,
				0452ECC826DFA5360015BFB1 /* Lighting.swift */,
				0452ECDD26DFA5C50015BFB1 /* MathLibrary.swift */,
				04EFDE7426DF1F87005FBB6F /* math */,
				04DB2A4026DF1DF100C15850 /* design */,
				0452ECDF26DFA66E0015BFB1 /* models */,
				0497A20F26DF151700F61DE9 /* DigitalVox2.entitlements */,
				0497A1E826DF150800F61DE9 /* Assets.xcassets */,
				0497A1ED26DF150800F61DE9 /* Info.plist */,
				0497A1EA26DF150800F61DE9 /* Preview Content */,
				0452ECF226DFA8BD0015BFB1 /* Textures.xcassets */,
			);
			path = vox.render;
			sourceTree = "<group>";
		};
		0497A1EA26DF150800F61DE9 /* Preview Content */ = {
			isa = PBXGroup;
			children = (
				0497A1EB26DF150800F61DE9 /* Preview Assets.xcassets */,
			);
			path = "Preview Content";
			sourceTree = "<group>";
		};
		0497A1F526DF150800F61DE9 /* vox.renderTests */ = {
			isa = PBXGroup;
			children = (
				0497A1F626DF150800F61DE9 /* DigitalVox2Tests.swift */,
				0497A1F826DF150800F61DE9 /* Info.plist */,
				04EFDE7726DF281D005FBB6F /* Vector2.test.swift */,
			);
			path = vox.renderTests;
			sourceTree = "<group>";
		};
		0497A20026DF150800F61DE9 /* vox.renderUITests */ = {
			isa = PBXGroup;
			children = (
				0497A20126DF150800F61DE9 /* DigitalVox2UITests.swift */,
				0497A20326DF150800F61DE9 /* Info.plist */,
			);
			path = vox.renderUITests;
			sourceTree = "<group>";
		};
		04DB2A4026DF1DF100C15850 /* design */ = {
			isa = PBXGroup;
			children = (
				04DB2A4126DF1E0500C15850 /* IClone.swift */,
			);
			path = design;
			sourceTree = "<group>";
		};
		04EFDE7426DF1F87005FBB6F /* math */ = {
			isa = PBXGroup;
			children = (
				04EFDE7526DF1F96005FBB6F /* Vector2.swift */,
				04EFDE7926DF3072005FBB6F /* Vector3.swift */,
				04EFDE8126DF4DC3005FBB6F /* Vector4.swift */,
				04EFDE7B26DF3495005FBB6F /* Matrix.swift */,
				04EFDE7D26DF49FD005FBB6F /* Matrix3x3.swift */,
				04EFDE7F26DF4C85005FBB6F /* Quaternion.swift */,
				0413286A26DF86DC000A4F4E /* BoundingBox.swift */,
			);
			path = math;
			sourceTree = "<group>";
		};
/* End PBXGroup section */

/* Begin PBXNativeTarget section */
		0452EC9526DFA0CD0015BFB1 /* vox.tracing */ = {
			isa = PBXNativeTarget;
			buildConfigurationList = 0452ECBE26DFA0CD0015BFB1 /* Build configuration list for PBXNativeTarget "vox.tracing" */;
			buildPhases = (
				0452EC9226DFA0CD0015BFB1 /* Sources */,
				0452EC9326DFA0CD0015BFB1 /* Frameworks */,
				0452EC9426DFA0CD0015BFB1 /* Resources */,
			);
			buildRules = (
			);
			dependencies = (
			);
			name = vox.tracing;
			productName = vox.tracing;
			productReference = 0452EC9626DFA0CD0015BFB1 /* vox.tracing.app */;
			productType = "com.apple.product-type.application";
		};
		0452ECA526DFA0CD0015BFB1 /* vox.tracingTests */ = {
			isa = PBXNativeTarget;
			buildConfigurationList = 0452ECBF26DFA0CD0015BFB1 /* Build configuration list for PBXNativeTarget "vox.tracingTests" */;
			buildPhases = (
				0452ECA226DFA0CD0015BFB1 /* Sources */,
				0452ECA326DFA0CD0015BFB1 /* Frameworks */,
				0452ECA426DFA0CD0015BFB1 /* Resources */,
			);
			buildRules = (
			);
			dependencies = (
				0452ECA826DFA0CD0015BFB1 /* PBXTargetDependency */,
			);
			name = vox.tracingTests;
			productName = vox.tracingTests;
			productReference = 0452ECA626DFA0CD0015BFB1 /* vox.tracingTests.xctest */;
			productType = "com.apple.product-type.bundle.unit-test";
		};
		0452ECB026DFA0CD0015BFB1 /* vox.tracingUITests */ = {
			isa = PBXNativeTarget;
			buildConfigurationList = 0452ECC026DFA0CD0015BFB1 /* Build configuration list for PBXNativeTarget "vox.tracingUITests" */;
			buildPhases = (
				0452ECAD26DFA0CD0015BFB1 /* Sources */,
				0452ECAE26DFA0CD0015BFB1 /* Frameworks */,
				0452ECAF26DFA0CD0015BFB1 /* Resources */,
			);
			buildRules = (
			);
			dependencies = (
				0452ECB326DFA0CD0015BFB1 /* PBXTargetDependency */,
			);
			name = vox.tracingUITests;
			productName = vox.tracingUITests;
			productReference = 0452ECB126DFA0CD0015BFB1 /* vox.tracingUITests.xctest */;
			productType = "com.apple.product-type.bundle.ui-testing";
		};
		0497A1E026DF150500F61DE9 /* vox.render */ = {
			isa = PBXNativeTarget;
			buildConfigurationList = 0497A20626DF150800F61DE9 /* Build configuration list for PBXNativeTarget "vox.render" */;
			buildPhases = (
				0497A1DD26DF150500F61DE9 /* Sources */,
				0497A1DE26DF150500F61DE9 /* Frameworks */,
				0497A1DF26DF150500F61DE9 /* Resources */,
			);
			buildRules = (
			);
			dependencies = (
			);
			name = vox.render;
			productName = DigitalVox2;
			productReference = 0497A1E126DF150500F61DE9 /* vox.render.app */;
			productType = "com.apple.product-type.application";
		};
		0497A1F126DF150800F61DE9 /* vox.renderTests */ = {
			isa = PBXNativeTarget;
			buildConfigurationList = 0497A20926DF150800F61DE9 /* Build configuration list for PBXNativeTarget "vox.renderTests" */;
			buildPhases = (
				0497A1EE26DF150800F61DE9 /* Sources */,
				0497A1EF26DF150800F61DE9 /* Frameworks */,
				0497A1F026DF150800F61DE9 /* Resources */,
			);
			buildRules = (
			);
			dependencies = (
				0497A1F426DF150800F61DE9 /* PBXTargetDependency */,
			);
			name = vox.renderTests;
			productName = DigitalVox2Tests;
			productReference = 0497A1F226DF150800F61DE9 /* vox.renderTests.xctest */;
			productType = "com.apple.product-type.bundle.unit-test";
		};
		0497A1FC26DF150800F61DE9 /* vox.renderUITests */ = {
			isa = PBXNativeTarget;
			buildConfigurationList = 0497A20C26DF150800F61DE9 /* Build configuration list for PBXNativeTarget "vox.renderUITests" */;
			buildPhases = (
				0497A1F926DF150800F61DE9 /* Sources */,
				0497A1FA26DF150800F61DE9 /* Frameworks */,
				0497A1FB26DF150800F61DE9 /* Resources */,
			);
			buildRules = (
			);
			dependencies = (
				0497A1FF26DF150800F61DE9 /* PBXTargetDependency */,
			);
			name = vox.renderUITests;
			productName = DigitalVox2UITests;
			productReference = 0497A1FD26DF150800F61DE9 /* vox.renderUITests.xctest */;
			productType = "com.apple.product-type.bundle.ui-testing";
		};
/* End PBXNativeTarget section */

/* Begin PBXProject section */
		0497A1D926DF150500F61DE9 /* Project object */ = {
			isa = PBXProject;
			attributes = {
				LastSwiftUpdateCheck = 1250;
				LastUpgradeCheck = 1250;
				TargetAttributes = {
					0452EC9526DFA0CD0015BFB1 = {
						CreatedOnToolsVersion = 12.5.1;
					};
					0452ECA526DFA0CD0015BFB1 = {
						CreatedOnToolsVersion = 12.5.1;
						TestTargetID = 0452EC9526DFA0CD0015BFB1;
					};
					0452ECB026DFA0CD0015BFB1 = {
						CreatedOnToolsVersion = 12.5.1;
						TestTargetID = 0452EC9526DFA0CD0015BFB1;
					};
					0497A1E026DF150500F61DE9 = {
						CreatedOnToolsVersion = 12.5.1;
					};
					0497A1F126DF150800F61DE9 = {
						CreatedOnToolsVersion = 12.5.1;
						TestTargetID = 0497A1E026DF150500F61DE9;
					};
					0497A1FC26DF150800F61DE9 = {
						CreatedOnToolsVersion = 12.5.1;
						TestTargetID = 0497A1E026DF150500F61DE9;
					};
				};
			};
			buildConfigurationList = 0497A1DC26DF150500F61DE9 /* Build configuration list for PBXProject "DigitalVox2" */;
			compatibilityVersion = "Xcode 9.3";
			developmentRegion = en;
			hasScannedForEncodings = 0;
			knownRegions = (
				en,
				Base,
			);
			mainGroup = 0497A1D826DF150500F61DE9;
			productRefGroup = 0497A1E226DF150500F61DE9 /* Products */;
			projectDirPath = "";
			projectRoot = "";
			targets = (
				0497A1E026DF150500F61DE9 /* vox.render */,
				0497A1F126DF150800F61DE9 /* vox.renderTests */,
				0497A1FC26DF150800F61DE9 /* vox.renderUITests */,
				0452EC9526DFA0CD0015BFB1 /* vox.tracing */,
				0452ECA526DFA0CD0015BFB1 /* vox.tracingTests */,
				0452ECB026DFA0CD0015BFB1 /* vox.tracingUITests */,
			);
		};
/* End PBXProject section */

/* Begin PBXResourcesBuildPhase section */
		0452EC9426DFA0CD0015BFB1 /* Resources */ = {
			isa = PBXResourcesBuildPhase;
			buildActionMask = 2147483647;
			files = (
				0452ED0726DFB0740015BFB1 /* treefir.obj in Resources */,
				0452ED0E26DFB08C0015BFB1 /* plane-back.obj in Resources */,
				0452ED1126DFB08C0015BFB1 /* plane.obj in Resources */,
				0452ED0326DFB0650015BFB1 /* train.obj in Resources */,
				0452ED1626DFB0A00015BFB1 /* sphere.mtl in Resources */,
				0452ECA026DFA0CD0015BFB1 /* Preview Assets.xcassets in Resources */,
				0452ED0826DFB0740015BFB1 /* treefir.mtl in Resources */,
				0452ED1026DFB08C0015BFB1 /* plane.mtl in Resources */,
				0452EC9D26DFA0CD0015BFB1 /* Assets.xcassets in Resources */,
				0452ED1526DFB0A00015BFB1 /* sphere.obj in Resources */,
				0452ED0226DFB0650015BFB1 /* train.mtl in Resources */,
				0452ED0F26DFB08C0015BFB1 /* plane-back.mtl in Resources */,
			);
			runOnlyForDeploymentPostprocessing = 0;
		};
		0452ECA426DFA0CD0015BFB1 /* Resources */ = {
			isa = PBXResourcesBuildPhase;
			buildActionMask = 2147483647;
			files = (
			);
			runOnlyForDeploymentPostprocessing = 0;
		};
		0452ECAF26DFA0CD0015BFB1 /* Resources */ = {
			isa = PBXResourcesBuildPhase;
			buildActionMask = 2147483647;
			files = (
			);
			runOnlyForDeploymentPostprocessing = 0;
		};
		0497A1DF26DF150500F61DE9 /* Resources */ = {
			isa = PBXResourcesBuildPhase;
			buildActionMask = 2147483647;
			files = (
				0452ECEA26DFA6A10015BFB1 /* cottage2.mtl in Resources */,
				0452ECE626DFA6A10015BFB1 /* cube.obj in Resources */,
				0452ECE926DFA6A10015BFB1 /* cottage1.mtl in Resources */,
				0452ECF326DFA8BD0015BFB1 /* Textures.xcassets in Resources */,
				0497A1EC26DF150800F61DE9 /* Preview Assets.xcassets in Resources */,
				0452ECE726DFA6A10015BFB1 /* cube.mtl in Resources */,
				0497A1E926DF150800F61DE9 /* Assets.xcassets in Resources */,
				0452ECEB26DFA6A10015BFB1 /* cottage2.obj in Resources */,
				0452ECE826DFA6A10015BFB1 /* cottage1.obj in Resources */,
			);
			runOnlyForDeploymentPostprocessing = 0;
		};
		0497A1F026DF150800F61DE9 /* Resources */ = {
			isa = PBXResourcesBuildPhase;
			buildActionMask = 2147483647;
			files = (
			);
			runOnlyForDeploymentPostprocessing = 0;
		};
		0497A1FB26DF150800F61DE9 /* Resources */ = {
			isa = PBXResourcesBuildPhase;
			buildActionMask = 2147483647;
			files = (
			);
			runOnlyForDeploymentPostprocessing = 0;
		};
/* End PBXResourcesBuildPhase section */

/* Begin PBXSourcesBuildPhase section */
		0452EC9226DFA0CD0015BFB1 /* Sources */ = {
			isa = PBXSourcesBuildPhase;
			buildActionMask = 2147483647;
			files = (
				0452ECFA26DFAEE70015BFB1 /* Raytracing.metal in Sources */,
				0452ECFC26DFAEFC0015BFB1 /* ShowUp.metal in Sources */,
				0452ED1A26DFB0F80015BFB1 /* InputController.swift in Sources */,
				0452EC9B26DFA0CD0015BFB1 /* ContentView.swift in Sources */,
				0452ED1C26DFB0F80015BFB1 /* MotionController.swift in Sources */,
				0452ECF826DFAECE0015BFB1 /* RayRendererExtension.swift in Sources */,
				0452ECF626DFAEAB0015BFB1 /* RayRenderer.swift in Sources */,
				0452ED1B26DFB0F80015BFB1 /* ControllerView.swift in Sources */,
				0452EC9926DFA0CD0015BFB1 /* voxApp.swift in Sources */,
			);
			runOnlyForDeploymentPostprocessing = 0;
		};
		0452ECA226DFA0CD0015BFB1 /* Sources */ = {
			isa = PBXSourcesBuildPhase;
			buildActionMask = 2147483647;
			files = (
				0452ECAB26DFA0CD0015BFB1 /* vox_tracingTests.swift in Sources */,
			);
			runOnlyForDeploymentPostprocessing = 0;
		};
		0452ECAD26DFA0CD0015BFB1 /* Sources */ = {
			isa = PBXSourcesBuildPhase;
			buildActionMask = 2147483647;
			files = (
				0452ECB626DFA0CD0015BFB1 /* vox_tracingUITests.swift in Sources */,
			);
			runOnlyForDeploymentPostprocessing = 0;
		};
		0497A1DD26DF150500F61DE9 /* Sources */ = {
			isa = PBXSourcesBuildPhase;
			buildActionMask = 2147483647;
			files = (
				0452ECEF26DFA7B90015BFB1 /* InputController.swift in Sources */,
				0452ECD626DFA5360015BFB1 /* PBR.metal in Sources */,
				04DB2A4226DF1E0500C15850 /* IClone.swift in Sources */,
				0452ECC526DFA4920015BFB1 /* Engine.swift in Sources */,
				04EFDE8026DF4C85005FBB6F /* Quaternion.swift in Sources */,
				0452ECD526DFA5360015BFB1 /* Primitive.swift in Sources */,
				0452ECDA26DFA5360015BFB1 /* Camera.swift in Sources */,
				04EFDE7626DF1F96005FBB6F /* Vector2.swift in Sources */,
				0452ECD726DFA5360015BFB1 /* Shaders.metal in Sources */,
				0452ECD226DFA5360015BFB1 /* VertexDescriptor.swift in Sources */,
				04EFDE7E26DF49FD005FBB6F /* Matrix3x3.swift in Sources */,
				04EFDE7C26DF3495005FBB6F /* Matrix.swift in Sources */,
				0452ECDE26DFA5C50015BFB1 /* MathLibrary.swift in Sources */,
				0452ECF126DFA7C90015BFB1 /* MotionController.swift in Sources */,
				0413286B26DF86DC000A4F4E /* BoundingBox.swift in Sources */,
				0452ECDC26DFA5360015BFB1 /* Submesh.swift in Sources */,
				0452ECDB26DFA5360015BFB1 /* Mesh.swift in Sources */,
				0452ECC326DFA4590015BFB1 /* EngineView.swift in Sources */,
				0497A1E726DF150500F61DE9 /* ContentView.swift in Sources */,
				04EFDE7A26DF3072005FBB6F /* Vector3.swift in Sources */,
				0452ECD426DFA5360015BFB1 /* Lighting.swift in Sources */,
				0452ECED26DFA7870015BFB1 /* ControllerView.swift in Sources */,
				04EFDE8226DF4DC3005FBB6F /* Vector4.swift in Sources */,
				0452ECD826DFA5360015BFB1 /* Model.swift in Sources */,
				0497A1E526DF150500F61DE9 /* voxApp.swift in Sources */,
				0452ECD326DFA5360015BFB1 /* Node.swift in Sources */,
				0452ECD926DFA5360015BFB1 /* Texturable.swift in Sources */,
			);
			runOnlyForDeploymentPostprocessing = 0;
		};
		0497A1EE26DF150800F61DE9 /* Sources */ = {
			isa = PBXSourcesBuildPhase;
			buildActionMask = 2147483647;
			files = (
				04EFDE7826DF281E005FBB6F /* Vector2.test.swift in Sources */,
				0497A1F726DF150800F61DE9 /* DigitalVox2Tests.swift in Sources */,
			);
			runOnlyForDeploymentPostprocessing = 0;
		};
		0497A1F926DF150800F61DE9 /* Sources */ = {
			isa = PBXSourcesBuildPhase;
			buildActionMask = 2147483647;
			files = (
				0497A20226DF150800F61DE9 /* DigitalVox2UITests.swift in Sources */,
			);
			runOnlyForDeploymentPostprocessing = 0;
		};
/* End PBXSourcesBuildPhase section */

/* Begin PBXTargetDependency section */
		0452ECA826DFA0CD0015BFB1 /* PBXTargetDependency */ = {
			isa = PBXTargetDependency;
			target = 0452EC9526DFA0CD0015BFB1 /* vox.tracing */;
			targetProxy = 0452ECA726DFA0CD0015BFB1 /* PBXContainerItemProxy */;
		};
		0452ECB326DFA0CD0015BFB1 /* PBXTargetDependency */ = {
			isa = PBXTargetDependency;
			target = 0452EC9526DFA0CD0015BFB1 /* vox.tracing */;
			targetProxy = 0452ECB226DFA0CD0015BFB1 /* PBXContainerItemProxy */;
		};
		0497A1F426DF150800F61DE9 /* PBXTargetDependency */ = {
			isa = PBXTargetDependency;
			target = 0497A1E026DF150500F61DE9 /* vox.render */;
			targetProxy = 0497A1F326DF150800F61DE9 /* PBXContainerItemProxy */;
		};
		0497A1FF26DF150800F61DE9 /* PBXTargetDependency */ = {
			isa = PBXTargetDependency;
			target = 0497A1E026DF150500F61DE9 /* vox.render */;
			targetProxy = 0497A1FE26DF150800F61DE9 /* PBXContainerItemProxy */;
		};
/* End PBXTargetDependency section */

/* Begin XCBuildConfiguration section */
		0452ECB826DFA0CD0015BFB1 /* Debug */ = {
			isa = XCBuildConfiguration;
			buildSettings = {
				ASSETCATALOG_COMPILER_APPICON_NAME = AppIcon;
				ASSETCATALOG_COMPILER_GLOBAL_ACCENT_COLOR_NAME = AccentColor;
				CODE_SIGN_ENTITLEMENTS = vox.tracing/vox.tracing.entitlements;
				CODE_SIGN_STYLE = Automatic;
				DEVELOPMENT_ASSET_PATHS = "\"vox.tracing/Preview Content\"";
				DEVELOPMENT_TEAM = 4SL5L673UU;
				ENABLE_PREVIEWS = YES;
				INFOPLIST_FILE = vox.tracing/Info.plist;
				IPHONEOS_DEPLOYMENT_TARGET = 14.0;
				LD_RUNPATH_SEARCH_PATHS = (
					"$(inherited)",
					"@executable_path/Frameworks",
				);
				PRODUCT_BUNDLE_IDENTIFIER = "digitalArche.oasis.vox-tracing";
				PRODUCT_NAME = "$(TARGET_NAME)";
				SUPPORTS_MACCATALYST = YES;
				SWIFT_OBJC_BRIDGING_HEADER = vox.tracing/Common.h;
				SWIFT_VERSION = 5.0;
				TARGETED_DEVICE_FAMILY = "1,2";
			};
			name = Debug;
		};
		0452ECB926DFA0CD0015BFB1 /* Release */ = {
			isa = XCBuildConfiguration;
			buildSettings = {
				ASSETCATALOG_COMPILER_APPICON_NAME = AppIcon;
				ASSETCATALOG_COMPILER_GLOBAL_ACCENT_COLOR_NAME = AccentColor;
				CODE_SIGN_ENTITLEMENTS = vox.tracing/vox.tracing.entitlements;
				CODE_SIGN_STYLE = Automatic;
				DEVELOPMENT_ASSET_PATHS = "\"vox.tracing/Preview Content\"";
				DEVELOPMENT_TEAM = 4SL5L673UU;
				ENABLE_PREVIEWS = YES;
				INFOPLIST_FILE = vox.tracing/Info.plist;
				IPHONEOS_DEPLOYMENT_TARGET = 14.0;
				LD_RUNPATH_SEARCH_PATHS = (
					"$(inherited)",
					"@executable_path/Frameworks",
				);
				PRODUCT_BUNDLE_IDENTIFIER = "digitalArche.oasis.vox-tracing";
				PRODUCT_NAME = "$(TARGET_NAME)";
				SUPPORTS_MACCATALYST = YES;
				SWIFT_OBJC_BRIDGING_HEADER = vox.tracing/Common.h;
				SWIFT_VERSION = 5.0;
				TARGETED_DEVICE_FAMILY = "1,2";
			};
			name = Release;
		};
		0452ECBA26DFA0CD0015BFB1 /* Debug */ = {
			isa = XCBuildConfiguration;
			buildSettings = {
				ALWAYS_EMBED_SWIFT_STANDARD_LIBRARIES = YES;
				BUNDLE_LOADER = "$(TEST_HOST)";
				CODE_SIGN_STYLE = Automatic;
				DEVELOPMENT_TEAM = 4SL5L673UU;
				INFOPLIST_FILE = vox.tracingTests/Info.plist;
				IPHONEOS_DEPLOYMENT_TARGET = 14.0;
				LD_RUNPATH_SEARCH_PATHS = (
					"$(inherited)",
					"@executable_path/Frameworks",
					"@loader_path/Frameworks",
				);
				PRODUCT_BUNDLE_IDENTIFIER = "digitalArche.oasis.vox-tracingTests";
				PRODUCT_NAME = "$(TARGET_NAME)";
				SWIFT_OBJC_BRIDGING_HEADER = vox.tracing/Common.h;
				SWIFT_VERSION = 5.0;
				TARGETED_DEVICE_FAMILY = "1,2";
				TEST_HOST = "$(BUILT_PRODUCTS_DIR)/vox.tracing.app/vox.tracing";
			};
			name = Debug;
		};
		0452ECBB26DFA0CD0015BFB1 /* Release */ = {
			isa = XCBuildConfiguration;
			buildSettings = {
				ALWAYS_EMBED_SWIFT_STANDARD_LIBRARIES = YES;
				BUNDLE_LOADER = "$(TEST_HOST)";
				CODE_SIGN_STYLE = Automatic;
				DEVELOPMENT_TEAM = 4SL5L673UU;
				INFOPLIST_FILE = vox.tracingTests/Info.plist;
				IPHONEOS_DEPLOYMENT_TARGET = 14.0;
				LD_RUNPATH_SEARCH_PATHS = (
					"$(inherited)",
					"@executable_path/Frameworks",
					"@loader_path/Frameworks",
				);
				PRODUCT_BUNDLE_IDENTIFIER = "digitalArche.oasis.vox-tracingTests";
				PRODUCT_NAME = "$(TARGET_NAME)";
				SWIFT_OBJC_BRIDGING_HEADER = vox.tracing/Common.h;
				SWIFT_VERSION = 5.0;
				TARGETED_DEVICE_FAMILY = "1,2";
				TEST_HOST = "$(BUILT_PRODUCTS_DIR)/vox.tracing.app/vox.tracing";
			};
			name = Release;
		};
		0452ECBC26DFA0CD0015BFB1 /* Debug */ = {
			isa = XCBuildConfiguration;
			buildSettings = {
				ALWAYS_EMBED_SWIFT_STANDARD_LIBRARIES = YES;
				CODE_SIGN_STYLE = Automatic;
				DEVELOPMENT_TEAM = 4SL5L673UU;
				INFOPLIST_FILE = vox.tracingUITests/Info.plist;
				LD_RUNPATH_SEARCH_PATHS = (
					"$(inherited)",
					"@executable_path/Frameworks",
					"@loader_path/Frameworks",
				);
				PRODUCT_BUNDLE_IDENTIFIER = "digitalArche.oasis.vox-tracingUITests";
				PRODUCT_NAME = "$(TARGET_NAME)";
				SWIFT_OBJC_BRIDGING_HEADER = vox.tracing/Common.h;
				SWIFT_VERSION = 5.0;
				TARGETED_DEVICE_FAMILY = "1,2";
				TEST_TARGET_NAME = vox.tracing;
			};
			name = Debug;
		};
		0452ECBD26DFA0CD0015BFB1 /* Release */ = {
			isa = XCBuildConfiguration;
			buildSettings = {
				ALWAYS_EMBED_SWIFT_STANDARD_LIBRARIES = YES;
				CODE_SIGN_STYLE = Automatic;
				DEVELOPMENT_TEAM = 4SL5L673UU;
				INFOPLIST_FILE = vox.tracingUITests/Info.plist;
				LD_RUNPATH_SEARCH_PATHS = (
					"$(inherited)",
					"@executable_path/Frameworks",
					"@loader_path/Frameworks",
				);
				PRODUCT_BUNDLE_IDENTIFIER = "digitalArche.oasis.vox-tracingUITests";
				PRODUCT_NAME = "$(TARGET_NAME)";
				SWIFT_OBJC_BRIDGING_HEADER = vox.tracing/Common.h;
				SWIFT_VERSION = 5.0;
				TARGETED_DEVICE_FAMILY = "1,2";
				TEST_TARGET_NAME = vox.tracing;
			};
			name = Release;
		};
		0497A20426DF150800F61DE9 /* Debug */ = {
			isa = XCBuildConfiguration;
			buildSettings = {
				ALWAYS_SEARCH_USER_PATHS = NO;
				CLANG_ANALYZER_NONNULL = YES;
				CLANG_ANALYZER_NUMBER_OBJECT_CONVERSION = YES_AGGRESSIVE;
				CLANG_CXX_LANGUAGE_STANDARD = "gnu++14";
				CLANG_CXX_LIBRARY = "libc++";
				CLANG_ENABLE_MODULES = YES;
				CLANG_ENABLE_OBJC_ARC = YES;
				CLANG_ENABLE_OBJC_WEAK = YES;
				CLANG_WARN_BLOCK_CAPTURE_AUTORELEASING = YES;
				CLANG_WARN_BOOL_CONVERSION = YES;
				CLANG_WARN_COMMA = YES;
				CLANG_WARN_CONSTANT_CONVERSION = YES;
				CLANG_WARN_DEPRECATED_OBJC_IMPLEMENTATIONS = YES;
				CLANG_WARN_DIRECT_OBJC_ISA_USAGE = YES_ERROR;
				CLANG_WARN_DOCUMENTATION_COMMENTS = YES;
				CLANG_WARN_EMPTY_BODY = YES;
				CLANG_WARN_ENUM_CONVERSION = YES;
				CLANG_WARN_INFINITE_RECURSION = YES;
				CLANG_WARN_INT_CONVERSION = YES;
				CLANG_WARN_NON_LITERAL_NULL_CONVERSION = YES;
				CLANG_WARN_OBJC_IMPLICIT_RETAIN_SELF = YES;
				CLANG_WARN_OBJC_LITERAL_CONVERSION = YES;
				CLANG_WARN_OBJC_ROOT_CLASS = YES_ERROR;
				CLANG_WARN_QUOTED_INCLUDE_IN_FRAMEWORK_HEADER = YES;
				CLANG_WARN_RANGE_LOOP_ANALYSIS = YES;
				CLANG_WARN_STRICT_PROTOTYPES = YES;
				CLANG_WARN_SUSPICIOUS_MOVE = YES;
				CLANG_WARN_UNGUARDED_AVAILABILITY = YES_AGGRESSIVE;
				CLANG_WARN_UNREACHABLE_CODE = YES;
				CLANG_WARN__DUPLICATE_METHOD_MATCH = YES;
				COPY_PHASE_STRIP = NO;
				DEBUG_INFORMATION_FORMAT = dwarf;
				ENABLE_STRICT_OBJC_MSGSEND = YES;
				ENABLE_TESTABILITY = YES;
				GCC_C_LANGUAGE_STANDARD = gnu11;
				GCC_DYNAMIC_NO_PIC = NO;
				GCC_NO_COMMON_BLOCKS = YES;
				GCC_OPTIMIZATION_LEVEL = 0;
				GCC_PREPROCESSOR_DEFINITIONS = (
					"DEBUG=1",
					"$(inherited)",
				);
				GCC_WARN_64_TO_32_BIT_CONVERSION = YES;
				GCC_WARN_ABOUT_RETURN_TYPE = YES_ERROR;
				GCC_WARN_UNDECLARED_SELECTOR = YES;
				GCC_WARN_UNINITIALIZED_AUTOS = YES_AGGRESSIVE;
				GCC_WARN_UNUSED_FUNCTION = YES;
				GCC_WARN_UNUSED_VARIABLE = YES;
				IPHONEOS_DEPLOYMENT_TARGET = 14.5;
				MTL_ENABLE_DEBUG_INFO = INCLUDE_SOURCE;
				MTL_FAST_MATH = YES;
				ONLY_ACTIVE_ARCH = YES;
				SDKROOT = iphoneos;
				SWIFT_ACTIVE_COMPILATION_CONDITIONS = DEBUG;
				SWIFT_OPTIMIZATION_LEVEL = "-Onone";
			};
			name = Debug;
		};
		0497A20526DF150800F61DE9 /* Release */ = {
			isa = XCBuildConfiguration;
			buildSettings = {
				ALWAYS_SEARCH_USER_PATHS = NO;
				CLANG_ANALYZER_NONNULL = YES;
				CLANG_ANALYZER_NUMBER_OBJECT_CONVERSION = YES_AGGRESSIVE;
				CLANG_CXX_LANGUAGE_STANDARD = "gnu++14";
				CLANG_CXX_LIBRARY = "libc++";
				CLANG_ENABLE_MODULES = YES;
				CLANG_ENABLE_OBJC_ARC = YES;
				CLANG_ENABLE_OBJC_WEAK = YES;
				CLANG_WARN_BLOCK_CAPTURE_AUTORELEASING = YES;
				CLANG_WARN_BOOL_CONVERSION = YES;
				CLANG_WARN_COMMA = YES;
				CLANG_WARN_CONSTANT_CONVERSION = YES;
				CLANG_WARN_DEPRECATED_OBJC_IMPLEMENTATIONS = YES;
				CLANG_WARN_DIRECT_OBJC_ISA_USAGE = YES_ERROR;
				CLANG_WARN_DOCUMENTATION_COMMENTS = YES;
				CLANG_WARN_EMPTY_BODY = YES;
				CLANG_WARN_ENUM_CONVERSION = YES;
				CLANG_WARN_INFINITE_RECURSION = YES;
				CLANG_WARN_INT_CONVERSION = YES;
				CLANG_WARN_NON_LITERAL_NULL_CONVERSION = YES;
				CLANG_WARN_OBJC_IMPLICIT_RETAIN_SELF = YES;
				CLANG_WARN_OBJC_LITERAL_CONVERSION = YES;
				CLANG_WARN_OBJC_ROOT_CLASS = YES_ERROR;
				CLANG_WARN_QUOTED_INCLUDE_IN_FRAMEWORK_HEADER = YES;
				CLANG_WARN_RANGE_LOOP_ANALYSIS = YES;
				CLANG_WARN_STRICT_PROTOTYPES = YES;
				CLANG_WARN_SUSPICIOUS_MOVE = YES;
				CLANG_WARN_UNGUARDED_AVAILABILITY = YES_AGGRESSIVE;
				CLANG_WARN_UNREACHABLE_CODE = YES;
				CLANG_WARN__DUPLICATE_METHOD_MATCH = YES;
				COPY_PHASE_STRIP = NO;
				DEBUG_INFORMATION_FORMAT = "dwarf-with-dsym";
				ENABLE_NS_ASSERTIONS = NO;
				ENABLE_STRICT_OBJC_MSGSEND = YES;
				GCC_C_LANGUAGE_STANDARD = gnu11;
				GCC_NO_COMMON_BLOCKS = YES;
				GCC_WARN_64_TO_32_BIT_CONVERSION = YES;
				GCC_WARN_ABOUT_RETURN_TYPE = YES_ERROR;
				GCC_WARN_UNDECLARED_SELECTOR = YES;
				GCC_WARN_UNINITIALIZED_AUTOS = YES_AGGRESSIVE;
				GCC_WARN_UNUSED_FUNCTION = YES;
				GCC_WARN_UNUSED_VARIABLE = YES;
				IPHONEOS_DEPLOYMENT_TARGET = 14.5;
				MTL_ENABLE_DEBUG_INFO = NO;
				MTL_FAST_MATH = YES;
				SDKROOT = iphoneos;
				SWIFT_COMPILATION_MODE = wholemodule;
				SWIFT_OPTIMIZATION_LEVEL = "-O";
				VALIDATE_PRODUCT = YES;
			};
			name = Release;
		};
		0497A20726DF150800F61DE9 /* Debug */ = {
			isa = XCBuildConfiguration;
			buildSettings = {
				ASSETCATALOG_COMPILER_APPICON_NAME = AppIcon;
				ASSETCATALOG_COMPILER_GLOBAL_ACCENT_COLOR_NAME = AccentColor;
				CODE_SIGN_ENTITLEMENTS = vox.render/DigitalVox2.entitlements;
				CODE_SIGN_STYLE = Automatic;
				DEVELOPMENT_ASSET_PATHS = "\"vox.render/Preview Content\"";
				DEVELOPMENT_TEAM = 4SL5L673UU;
				ENABLE_PREVIEWS = YES;
				INFOPLIST_FILE = vox.render/Info.plist;
				IPHONEOS_DEPLOYMENT_TARGET = 14.0;
				LD_RUNPATH_SEARCH_PATHS = (
					"$(inherited)",
					"@executable_path/Frameworks",
				);
				PRODUCT_BUNDLE_IDENTIFIER = DigitalVox2.DigitalVox2;
				PRODUCT_NAME = "$(TARGET_NAME)";
				SUPPORTS_MACCATALYST = YES;
				SWIFT_OBJC_BRIDGING_HEADER = vox.render/Common.h;
				SWIFT_VERSION = 5.0;
				TARGETED_DEVICE_FAMILY = "1,2";
			};
			name = Debug;
		};
		0497A20826DF150800F61DE9 /* Release */ = {
			isa = XCBuildConfiguration;
			buildSettings = {
				ASSETCATALOG_COMPILER_APPICON_NAME = AppIcon;
				ASSETCATALOG_COMPILER_GLOBAL_ACCENT_COLOR_NAME = AccentColor;
				CODE_SIGN_ENTITLEMENTS = vox.render/DigitalVox2.entitlements;
				CODE_SIGN_STYLE = Automatic;
				DEVELOPMENT_ASSET_PATHS = "\"vox.render/Preview Content\"";
				DEVELOPMENT_TEAM = 4SL5L673UU;
				ENABLE_PREVIEWS = YES;
				INFOPLIST_FILE = vox.render/Info.plist;
				IPHONEOS_DEPLOYMENT_TARGET = 14.0;
				LD_RUNPATH_SEARCH_PATHS = (
					"$(inherited)",
					"@executable_path/Frameworks",
				);
				PRODUCT_BUNDLE_IDENTIFIER = DigitalVox2.DigitalVox2;
				PRODUCT_NAME = "$(TARGET_NAME)";
				SUPPORTS_MACCATALYST = YES;
				SWIFT_OBJC_BRIDGING_HEADER = vox.render/Common.h;
				SWIFT_VERSION = 5.0;
				TARGETED_DEVICE_FAMILY = "1,2";
			};
			name = Release;
		};
		0497A20A26DF150800F61DE9 /* Debug */ = {
			isa = XCBuildConfiguration;
			buildSettings = {
				ALWAYS_EMBED_SWIFT_STANDARD_LIBRARIES = YES;
				BUNDLE_LOADER = "$(TEST_HOST)";
				CODE_SIGN_STYLE = Automatic;
				DEVELOPMENT_TEAM = 4SL5L673UU;
				INFOPLIST_FILE = vox.renderTests/Info.plist;
				IPHONEOS_DEPLOYMENT_TARGET = 14.0;
				LD_RUNPATH_SEARCH_PATHS = (
					"$(inherited)",
					"@executable_path/Frameworks",
					"@loader_path/Frameworks",
				);
				PRODUCT_BUNDLE_IDENTIFIER = DigitalVox2.DigitalVox2Tests;
				PRODUCT_NAME = "$(TARGET_NAME)";
				SWIFT_OBJC_BRIDGING_HEADER = vox.render/Common.h;
				SWIFT_VERSION = 5.0;
				TARGETED_DEVICE_FAMILY = "1,2";
				TEST_HOST = "$(BUILT_PRODUCTS_DIR)/vox.render.app/vox.render";
			};
			name = Debug;
		};
		0497A20B26DF150800F61DE9 /* Release */ = {
			isa = XCBuildConfiguration;
			buildSettings = {
				ALWAYS_EMBED_SWIFT_STANDARD_LIBRARIES = YES;
				BUNDLE_LOADER = "$(TEST_HOST)";
				CODE_SIGN_STYLE = Automatic;
				DEVELOPMENT_TEAM = 4SL5L673UU;
				INFOPLIST_FILE = vox.renderTests/Info.plist;
				IPHONEOS_DEPLOYMENT_TARGET = 14.0;
				LD_RUNPATH_SEARCH_PATHS = (
					"$(inherited)",
					"@executable_path/Frameworks",
					"@loader_path/Frameworks",
				);
				PRODUCT_BUNDLE_IDENTIFIER = DigitalVox2.DigitalVox2Tests;
				PRODUCT_NAME = "$(TARGET_NAME)";
				SWIFT_OBJC_BRIDGING_HEADER = vox.render/Common.h;
				SWIFT_VERSION = 5.0;
				TARGETED_DEVICE_FAMILY = "1,2";
				TEST_HOST = "$(BUILT_PRODUCTS_DIR)/vox.render.app/vox.render";
			};
			name = Release;
		};
		0497A20D26DF150800F61DE9 /* Debug */ = {
			isa = XCBuildConfiguration;
			buildSettings = {
				ALWAYS_EMBED_SWIFT_STANDARD_LIBRARIES = YES;
				CODE_SIGN_STYLE = Automatic;
				DEVELOPMENT_TEAM = 4SL5L673UU;
				INFOPLIST_FILE = vox.renderUITests/Info.plist;
				LD_RUNPATH_SEARCH_PATHS = (
					"$(inherited)",
					"@executable_path/Frameworks",
					"@loader_path/Frameworks",
				);
				PRODUCT_BUNDLE_IDENTIFIER = DigitalVox2.DigitalVox2UITests;
				PRODUCT_NAME = "$(TARGET_NAME)";
				SWIFT_OBJC_BRIDGING_HEADER = vox.render/Common.h;
				SWIFT_VERSION = 5.0;
				TARGETED_DEVICE_FAMILY = "1,2";
				TEST_TARGET_NAME = DigitalVox2;
			};
			name = Debug;
		};
		0497A20E26DF150800F61DE9 /* Release */ = {
			isa = XCBuildConfiguration;
			buildSettings = {
				ALWAYS_EMBED_SWIFT_STANDARD_LIBRARIES = YES;
				CODE_SIGN_STYLE = Automatic;
				DEVELOPMENT_TEAM = 4SL5L673UU;
				INFOPLIST_FILE = vox.renderUITests/Info.plist;
				LD_RUNPATH_SEARCH_PATHS = (
					"$(inherited)",
					"@executable_path/Frameworks",
					"@loader_path/Frameworks",
				);
				PRODUCT_BUNDLE_IDENTIFIER = DigitalVox2.DigitalVox2UITests;
				PRODUCT_NAME = "$(TARGET_NAME)";
				SWIFT_OBJC_BRIDGING_HEADER = vox.render/Common.h;
				SWIFT_VERSION = 5.0;
				TARGETED_DEVICE_FAMILY = "1,2";
				TEST_TARGET_NAME = DigitalVox2;
			};
			name = Release;
		};
/* End XCBuildConfiguration section */

/* Begin XCConfigurationList section */
		0452ECBE26DFA0CD0015BFB1 /* Build configuration list for PBXNativeTarget "vox.tracing" */ = {
			isa = XCConfigurationList;
			buildConfigurations = (
				0452ECB826DFA0CD0015BFB1 /* Debug */,
				0452ECB926DFA0CD0015BFB1 /* Release */,
			);
			defaultConfigurationIsVisible = 0;
			defaultConfigurationName = Release;
		};
		0452ECBF26DFA0CD0015BFB1 /* Build configuration list for PBXNativeTarget "vox.tracingTests" */ = {
			isa = XCConfigurationList;
			buildConfigurations = (
				0452ECBA26DFA0CD0015BFB1 /* Debug */,
				0452ECBB26DFA0CD0015BFB1 /* Release */,
			);
			defaultConfigurationIsVisible = 0;
			defaultConfigurationName = Release;
		};
		0452ECC026DFA0CD0015BFB1 /* Build configuration list for PBXNativeTarget "vox.tracingUITests" */ = {
			isa = XCConfigurationList;
			buildConfigurations = (
				0452ECBC26DFA0CD0015BFB1 /* Debug */,
				0452ECBD26DFA0CD0015BFB1 /* Release */,
			);
			defaultConfigurationIsVisible = 0;
			defaultConfigurationName = Release;
		};
		0497A1DC26DF150500F61DE9 /* Build configuration list for PBXProject "DigitalVox2" */ = {
			isa = XCConfigurationList;
			buildConfigurations = (
				0497A20426DF150800F61DE9 /* Debug */,
				0497A20526DF150800F61DE9 /* Release */,
			);
			defaultConfigurationIsVisible = 0;
			defaultConfigurationName = Release;
		};
		0497A20626DF150800F61DE9 /* Build configuration list for PBXNativeTarget "vox.render" */ = {
			isa = XCConfigurationList;
			buildConfigurations = (
				0497A20726DF150800F61DE9 /* Debug */,
				0497A20826DF150800F61DE9 /* Release */,
			);
			defaultConfigurationIsVisible = 0;
			defaultConfigurationName = Release;
		};
		0497A20926DF150800F61DE9 /* Build configuration list for PBXNativeTarget "vox.renderTests" */ = {
			isa = XCConfigurationList;
			buildConfigurations = (
				0497A20A26DF150800F61DE9 /* Debug */,
				0497A20B26DF150800F61DE9 /* Release */,
			);
			defaultConfigurationIsVisible = 0;
			defaultConfigurationName = Release;
		};
		0497A20C26DF150800F61DE9 /* Build configuration list for PBXNativeTarget "vox.renderUITests" */ = {
			isa = XCConfigurationList;
			buildConfigurations = (
				0497A20D26DF150800F61DE9 /* Debug */,
				0497A20E26DF150800F61DE9 /* Release */,
			);
			defaultConfigurationIsVisible = 0;
			defaultConfigurationName = Release;
		};
/* End XCConfigurationList section */
	};
	rootObject = 0497A1D926DF150500F61DE9 /* Project object */;
}
